
Microsoft Visual Studio Solution File, Format Version 12.00
# Visual Studio 2012
Project("{FAE04EC0-301F-11D3-BF4B-00C04F79EFBC}") = "MyHttpWebServer", "MyHttpWebServer\MyHttpWebServer.csproj", "{50094EBC-9A0B-486A-BB65-00070C075B8E}"
EndProject
Project("{FAE04EC0-301F-11D3-BF4B-00C04F79EFBC}") = "MyHttpWebserver.Test", "MyHttpWebserver.Test\MyHttpWebserver.Test.csproj", "{A8F8769B-FAE8-4301-8A6E-769E9C65E5D1}"
EndProject
Project("{FAE04EC0-301F-11D3-BF4B-00C04F79EFBC}") = "TestRunner", "TestRunner\TestRunner.csproj", "{3C23947E-0B06-41ED-BED9-5A2B0CCF55DE}"
EndProject
Global
	GlobalSection(SolutionConfigurationPlatforms) = preSolution
		Debug|Any CPU = Debug|Any CPU
		Release|Any CPU = Release|Any CPU
	EndGlobalSection
	GlobalSection(ProjectConfigurationPlatforms) = postSolution
		{50094EBC-9A0B-486A-BB65-00070C075B8E}.Debug|Any CPU.ActiveCfg = Debug|Any CPU
		{50094EBC-9A0B-486A-BB65-00070C075B8E}.Debug|Any CPU.Build.0 = Debug|Any CPU
		{50094EBC-9A0B-486A-BB65-00070C075B8E}.Release|Any CPU.ActiveCfg = Release|Any CPU
		{50094EBC-9A0B-486A-BB65-00070C075B8E}.Release|Any CPU.Build.0 = Release|Any CPU
		{A8F8769B-FAE8-4301-8A6E-769E9C65E5D1}.Debug|Any CPU.ActiveCfg = Debug|Any CPU
		{A8F8769B-FAE8-4301-8A6E-769E9C65E5D1}.Debug|Any CPU.Build.0 = Debug|Any CPU
		{A8F8769B-FAE8-4301-8A6E-769E9C65E5D1}.Release|Any CPU.ActiveCfg = Release|Any CPU
		{A8F8769B-FAE8-4301-8A6E-769E9C65E5D1}.Release|Any CPU.Build.0 = Release|Any CPU
		{3C23947E-0B06-41ED-BED9-5A2B0CCF55DE}.Debug|Any CPU.ActiveCfg = Debug|Any CPU
		{3C23947E-0B06-41ED-BED9-5A2B0CCF55DE}.Debug|Any CPU.Build.0 = Debug|Any CPU
		{3C23947E-0B06-41ED-BED9-5A2B0CCF55DE}.Release|Any CPU.ActiveCfg = Release|Any CPU
		{3C23947E-0B06-41ED-BED9-5A2B0CCF55DE}.Release|Any CPU.Build.0 = Release|Any CPU
	EndGlobalSection
	GlobalSection(SolutionProperties) = preSolution
		HideSolutionNode = FALSE
	EndGlobalSection
EndGlobal
